
Microsoft Visual Studio Solution File, Format Version 12.00
# Visual Studio Version 17
VisualStudioVersion = 17.0.32112.339
MinimumVisualStudioVersion = 10.0.40219.1
Project("{9A19103F-16F7-4668-BE54-9A1E7A4F7556}") = "NoMansSky.ModTemplate", "NoMansSky.ModTemplate\NoMansSky.ModTemplate.csproj", "{70052A64-6FE8-46A8-9669-4C687565C890}"
EndProject
Global
	GlobalSection(SolutionConfigurationPlatforms) = preSolution
		Debug|Any CPU = Debug|Any CPU
		Release|Any CPU = Release|Any CPU
	EndGlobalSection
	GlobalSection(ProjectConfigurationPlatforms) = postSolution
		{70052A64-6FE8-46A8-9669-4C687565C890}.Debug|Any CPU.ActiveCfg = Debug|Any CPU
		{70052A64-6FE8-46A8-9669-4C687565C890}.Debug|Any CPU.Build.0 = Debug|Any CPU
		{70052A64-6FE8-46A8-9669-4C687565C890}.Release|Any CPU.ActiveCfg = Release|Any CPU
		{70052A64-6FE8-46A8-9669-4C687565C890}.Release|Any CPU.Build.0 = Release|Any CPU
	EndGlobalSection
	GlobalSection(SolutionProperties) = preSolution
		HideSolutionNode = FALSE
	EndGlobalSection
	GlobalSection(ExtensibilityGlobals) = postSolution
		SolutionGuid = {5897CF6E-36F3-447D-9F1C-59891C6199BB}
	EndGlobalSection
EndGlobal
